
Microsoft Visual Studio Solution File, Format Version 12.00
# Visual Studio 14
VisualStudioVersion = 14.0.25420.1
MinimumVisualStudioVersion = 10.0.40219.1
Project("{FAE04EC0-301F-11D3-BF4B-00C04F79EFBC}") = "Rhyous.EasyCsv", "..\Rhyous.EasyCsv\Rhyous.EasyCsv.csproj", "{15B5CAD8-1CD2-431E-B048-E51C0976AA8B}"
EndProject
Project("{2150E333-8FDC-42A3-9474-1A3956D46DE8}") = "Unit Tests", "Unit Tests", "{CEE370DB-EAFD-444C-9B5A-0D272A396C7B}"
EndProject
Project("{FAE04EC0-301F-11D3-BF4B-00C04F79EFBC}") = "Rhyous.EasyCsv.Tests", "..\Unit Tests\Rhyous.EasyCsv.Tests\Rhyous.EasyCsv.Tests.csproj", "{B69D3FA8-E63C-46EE-BFD8-A954BD486540}"
EndProject
Project("{2150E333-8FDC-42A3-9474-1A3956D46DE8}") = "NuGet", "NuGet", "{84231FAE-2940-4447-9DA6-BD5BFAA8C11D}"
EndProject
Project("{FAE04EC0-301F-11D3-BF4B-00C04F79EFBC}") = "Rhyous.EasyCsv.NuGet", "Rhyous.EasyCsv.NuGet\Rhyous.EasyCsv.NuGet.csproj", "{0451BAEF-DF2E-4B98-8644-94EE9415E389}"
	ProjectSection(ProjectDependencies) = postProject
		{15B5CAD8-1CD2-431E-B048-E51C0976AA8B} = {15B5CAD8-1CD2-431E-B048-E51C0976AA8B}
	EndProjectSection
EndProject
Project("{FAE04EC0-301F-11D3-BF4B-00C04F79EFBC}") = "Rhyous.EasyCsv.NuGet.Sources", "Rhyous.EasyCsv.NuGet.Sources\Rhyous.EasyCsv.NuGet.Sources.csproj", "{EAEE59BA-9728-483B-9CA5-5CD5DED1F213}"
	ProjectSection(ProjectDependencies) = postProject
		{15B5CAD8-1CD2-431E-B048-E51C0976AA8B} = {15B5CAD8-1CD2-431E-B048-E51C0976AA8B}
	EndProjectSection
EndProject
Global
	GlobalSection(SolutionConfigurationPlatforms) = preSolution
		Debug|Any CPU = Debug|Any CPU
		Release|Any CPU = Release|Any CPU
	EndGlobalSection
	GlobalSection(ProjectConfigurationPlatforms) = postSolution
		{15B5CAD8-1CD2-431E-B048-E51C0976AA8B}.Debug|Any CPU.ActiveCfg = Debug|Any CPU
		{15B5CAD8-1CD2-431E-B048-E51C0976AA8B}.Debug|Any CPU.Build.0 = Debug|Any CPU
		{15B5CAD8-1CD2-431E-B048-E51C0976AA8B}.Release|Any CPU.ActiveCfg = Release|Any CPU
		{15B5CAD8-1CD2-431E-B048-E51C0976AA8B}.Release|Any CPU.Build.0 = Release|Any CPU
		{B69D3FA8-E63C-46EE-BFD8-A954BD486540}.Debug|Any CPU.ActiveCfg = Debug|Any CPU
		{B69D3FA8-E63C-46EE-BFD8-A954BD486540}.Debug|Any CPU.Build.0 = Debug|Any CPU
		{B69D3FA8-E63C-46EE-BFD8-A954BD486540}.Release|Any CPU.ActiveCfg = Release|Any CPU
		{B69D3FA8-E63C-46EE-BFD8-A954BD486540}.Release|Any CPU.Build.0 = Release|Any CPU
		{0451BAEF-DF2E-4B98-8644-94EE9415E389}.Debug|Any CPU.ActiveCfg = Debug|Any CPU
		{0451BAEF-DF2E-4B98-8644-94EE9415E389}.Debug|Any CPU.Build.0 = Debug|Any CPU
		{0451BAEF-DF2E-4B98-8644-94EE9415E389}.Release|Any CPU.ActiveCfg = Release|Any CPU
		{EAEE59BA-9728-483B-9CA5-5CD5DED1F213}.Debug|Any CPU.ActiveCfg = Debug|Any CPU
		{EAEE59BA-9728-483B-9CA5-5CD5DED1F213}.Debug|Any CPU.Build.0 = Debug|Any CPU
		{EAEE59BA-9728-483B-9CA5-5CD5DED1F213}.Release|Any CPU.ActiveCfg = Release|Any CPU
	EndGlobalSection
	GlobalSection(SolutionProperties) = preSolution
		HideSolutionNode = FALSE
	EndGlobalSection
	GlobalSection(NestedProjects) = preSolution
		{B69D3FA8-E63C-46EE-BFD8-A954BD486540} = {CEE370DB-EAFD-444C-9B5A-0D272A396C7B}
		{0451BAEF-DF2E-4B98-8644-94EE9415E389} = {84231FAE-2940-4447-9DA6-BD5BFAA8C11D}
		{EAEE59BA-9728-483B-9CA5-5CD5DED1F213} = {84231FAE-2940-4447-9DA6-BD5BFAA8C11D}
	EndGlobalSection
EndGlobal
