
Microsoft Visual Studio Solution File, Format Version 12.00
# Visual Studio Version 16
VisualStudioVersion = 16.0.29519.181
MinimumVisualStudioVersion = 10.0.40219.1
Project("{FAE04EC0-301F-11D3-BF4B-00C04F79EFBC}") = "Rhyous.EasyCsv", "Rhyous.EasyCsv\Rhyous.EasyCsv.csproj", "{15B5CAD8-1CD2-431E-B048-E51C0976AA8B}"
EndProject
Project("{9A19103F-16F7-4668-BE54-9A1E7A4F7556}") = "Rhyous.EasyCsv.Tests", "Rhyous.EasyCsv.Tests\Rhyous.EasyCsv.Tests.csproj", "{44D120D4-911E-4554-A445-485305C26402}"
EndProject
Global
	GlobalSection(SolutionConfigurationPlatforms) = preSolution
		Debug|Any CPU = Debug|Any CPU
		Release|Any CPU = Release|Any CPU
	EndGlobalSection
	GlobalSection(ProjectConfigurationPlatforms) = postSolution
		{15B5CAD8-1CD2-431E-B048-E51C0976AA8B}.Debug|Any CPU.ActiveCfg = Debug|Any CPU
		{15B5CAD8-1CD2-431E-B048-E51C0976AA8B}.Debug|Any CPU.Build.0 = Debug|Any CPU
		{15B5CAD8-1CD2-431E-B048-E51C0976AA8B}.Release|Any CPU.ActiveCfg = Release|Any CPU
		{15B5CAD8-1CD2-431E-B048-E51C0976AA8B}.Release|Any CPU.Build.0 = Release|Any CPU
		{44D120D4-911E-4554-A445-485305C26402}.Debug|Any CPU.ActiveCfg = Debug|Any CPU
		{44D120D4-911E-4554-A445-485305C26402}.Debug|Any CPU.Build.0 = Debug|Any CPU
		{44D120D4-911E-4554-A445-485305C26402}.Release|Any CPU.ActiveCfg = Release|Any CPU
		{44D120D4-911E-4554-A445-485305C26402}.Release|Any CPU.Build.0 = Release|Any CPU
	EndGlobalSection
	GlobalSection(SolutionProperties) = preSolution
		HideSolutionNode = FALSE
	EndGlobalSection
	GlobalSection(ExtensibilityGlobals) = postSolution
		SolutionGuid = {A31B0739-DDB3-44D3-9B5C-FDE09184FDBF}
	EndGlobalSection
EndGlobal
