
Microsoft Visual Studio Solution File, Format Version 12.00
# Visual Studio 14
VisualStudioVersion = 14.0.24720.0
MinimumVisualStudioVersion = 10.0.40219.1
Project("{FAE04EC0-301F-11D3-BF4B-00C04F79EFBC}") = "Rhyous.EasyCsv", "Rhyous.EasyCsv\Rhyous.EasyCsv.csproj", "{15B5CAD8-1CD2-431E-B048-E51C0976AA8B}"
EndProject
Project("{2150E333-8FDC-42A3-9474-1A3956D46DE8}") = "Unit Tests", "Unit Tests", "{CEE370DB-EAFD-444C-9B5A-0D272A396C7B}"
EndProject
Project("{FAE04EC0-301F-11D3-BF4B-00C04F79EFBC}") = "Rhyous.EasyCsv.Tests", "Unit Tests\Rhyous.EasyCsv.Tests\Rhyous.EasyCsv.Tests.csproj", "{B69D3FA8-E63C-46EE-BFD8-A954BD486540}"
EndProject
Global
	GlobalSection(SolutionConfigurationPlatforms) = preSolution
		Debug|Any CPU = Debug|Any CPU
		Release|Any CPU = Release|Any CPU
	EndGlobalSection
	GlobalSection(ProjectConfigurationPlatforms) = postSolution
		{15B5CAD8-1CD2-431E-B048-E51C0976AA8B}.Debug|Any CPU.ActiveCfg = Debug|Any CPU
		{15B5CAD8-1CD2-431E-B048-E51C0976AA8B}.Debug|Any CPU.Build.0 = Debug|Any CPU
		{15B5CAD8-1CD2-431E-B048-E51C0976AA8B}.Release|Any CPU.ActiveCfg = Release|Any CPU
		{15B5CAD8-1CD2-431E-B048-E51C0976AA8B}.Release|Any CPU.Build.0 = Release|Any CPU
		{B69D3FA8-E63C-46EE-BFD8-A954BD486540}.Debug|Any CPU.ActiveCfg = Debug|Any CPU
		{B69D3FA8-E63C-46EE-BFD8-A954BD486540}.Debug|Any CPU.Build.0 = Debug|Any CPU
		{B69D3FA8-E63C-46EE-BFD8-A954BD486540}.Release|Any CPU.ActiveCfg = Release|Any CPU
		{B69D3FA8-E63C-46EE-BFD8-A954BD486540}.Release|Any CPU.Build.0 = Release|Any CPU
	EndGlobalSection
	GlobalSection(SolutionProperties) = preSolution
		HideSolutionNode = FALSE
	EndGlobalSection
	GlobalSection(NestedProjects) = preSolution
		{B69D3FA8-E63C-46EE-BFD8-A954BD486540} = {CEE370DB-EAFD-444C-9B5A-0D272A396C7B}
	EndGlobalSection
EndGlobal
